
Microsoft Visual Studio Solution File, Format Version 12.00
# Visual Studio Version 16
VisualStudioVersion = 16.0.29326.143
MinimumVisualStudioVersion = 10.0.40219.1
Project("{9A19103F-16F7-4668-BE54-9A1E7A4F7556}") = "AuthSystem", "AuthSystem\AuthSystem.csproj", "{BEC2FED3-FD05-4288-8955-83D38EA3DC98}"
EndProject
Project("{9A19103F-16F7-4668-BE54-9A1E7A4F7556}") = "AuthSystem.Interfaces", "AuthSystem.Interfaces\AuthSystem.Interfaces.csproj", "{B40DDD08-D54B-46E0-ADB4-02157099AB94}"
EndProject
Project("{9A19103F-16F7-4668-BE54-9A1E7A4F7556}") = "AuthSystem.Data", "AuthSystem.Data\AuthSystem.Data.csproj", "{E6AAE925-333C-4275-9304-4F3A3A7B1907}"
EndProject
Project("{9A19103F-16F7-4668-BE54-9A1E7A4F7556}") = "AuthSystem.Adapters", "AuthSystem.Adapters\AuthSystem.Adapters.csproj", "{DDEA0EA5-546A-4D3A-99A4-C577481EC35F}"
EndProject
Project("{9A19103F-16F7-4668-BE54-9A1E7A4F7556}") = "AuthSystem.Managers", "AuthSystem.Managers\AuthSystem.Managers.csproj", "{1D16471E-930A-4A61-B25A-BC37A42A2B37}"
EndProject
Project("{9A19103F-16F7-4668-BE54-9A1E7A4F7556}") = "AuthSystem.Tests", "AuthSystem.Tests\AuthSystem.Tests.csproj", "{665D7ADB-E904-499A-965C-940FA73EE7AF}"
EndProject
Project("{9A19103F-16F7-4668-BE54-9A1E7A4F7556}") = "AuthSystem.Services", "AuthSystem.Services\AuthSystem.Services.csproj", "{B95E689A-6DE0-42E5-902D-0573BF538774}"
EndProject
Project("{FAE04EC0-301F-11D3-BF4B-00C04F79EFBC}") = "AuthSystem.Scripts", "AuthSystem.Scripts\AuthSystem.Scripts.csproj", "{BFB354FD-9016-441D-906F-BE3E4986A1E4}"
EndProject
Global
	GlobalSection(SolutionConfigurationPlatforms) = preSolution
		Debug|Any CPU = Debug|Any CPU
		Release|Any CPU = Release|Any CPU
	EndGlobalSection
	GlobalSection(ProjectConfigurationPlatforms) = postSolution
		{BEC2FED3-FD05-4288-8955-83D38EA3DC98}.Debug|Any CPU.ActiveCfg = Debug|Any CPU
		{BEC2FED3-FD05-4288-8955-83D38EA3DC98}.Debug|Any CPU.Build.0 = Debug|Any CPU
		{BEC2FED3-FD05-4288-8955-83D38EA3DC98}.Release|Any CPU.ActiveCfg = Release|Any CPU
		{BEC2FED3-FD05-4288-8955-83D38EA3DC98}.Release|Any CPU.Build.0 = Release|Any CPU
		{B40DDD08-D54B-46E0-ADB4-02157099AB94}.Debug|Any CPU.ActiveCfg = Debug|Any CPU
		{B40DDD08-D54B-46E0-ADB4-02157099AB94}.Debug|Any CPU.Build.0 = Debug|Any CPU
		{B40DDD08-D54B-46E0-ADB4-02157099AB94}.Release|Any CPU.ActiveCfg = Release|Any CPU
		{B40DDD08-D54B-46E0-ADB4-02157099AB94}.Release|Any CPU.Build.0 = Release|Any CPU
		{E6AAE925-333C-4275-9304-4F3A3A7B1907}.Debug|Any CPU.ActiveCfg = Debug|Any CPU
		{E6AAE925-333C-4275-9304-4F3A3A7B1907}.Debug|Any CPU.Build.0 = Debug|Any CPU
		{E6AAE925-333C-4275-9304-4F3A3A7B1907}.Release|Any CPU.ActiveCfg = Release|Any CPU
		{E6AAE925-333C-4275-9304-4F3A3A7B1907}.Release|Any CPU.Build.0 = Release|Any CPU
		{DDEA0EA5-546A-4D3A-99A4-C577481EC35F}.Debug|Any CPU.ActiveCfg = Debug|Any CPU
		{DDEA0EA5-546A-4D3A-99A4-C577481EC35F}.Debug|Any CPU.Build.0 = Debug|Any CPU
		{DDEA0EA5-546A-4D3A-99A4-C577481EC35F}.Release|Any CPU.ActiveCfg = Release|Any CPU
		{DDEA0EA5-546A-4D3A-99A4-C577481EC35F}.Release|Any CPU.Build.0 = Release|Any CPU
		{1D16471E-930A-4A61-B25A-BC37A42A2B37}.Debug|Any CPU.ActiveCfg = Debug|Any CPU
		{1D16471E-930A-4A61-B25A-BC37A42A2B37}.Debug|Any CPU.Build.0 = Debug|Any CPU
		{1D16471E-930A-4A61-B25A-BC37A42A2B37}.Release|Any CPU.ActiveCfg = Release|Any CPU
		{1D16471E-930A-4A61-B25A-BC37A42A2B37}.Release|Any CPU.Build.0 = Release|Any CPU
		{665D7ADB-E904-499A-965C-940FA73EE7AF}.Debug|Any CPU.ActiveCfg = Debug|Any CPU
		{665D7ADB-E904-499A-965C-940FA73EE7AF}.Debug|Any CPU.Build.0 = Debug|Any CPU
		{665D7ADB-E904-499A-965C-940FA73EE7AF}.Release|Any CPU.ActiveCfg = Release|Any CPU
		{665D7ADB-E904-499A-965C-940FA73EE7AF}.Release|Any CPU.Build.0 = Release|Any CPU
		{B95E689A-6DE0-42E5-902D-0573BF538774}.Debug|Any CPU.ActiveCfg = Debug|Any CPU
		{B95E689A-6DE0-42E5-902D-0573BF538774}.Debug|Any CPU.Build.0 = Debug|Any CPU
		{B95E689A-6DE0-42E5-902D-0573BF538774}.Release|Any CPU.ActiveCfg = Release|Any CPU
		{B95E689A-6DE0-42E5-902D-0573BF538774}.Release|Any CPU.Build.0 = Release|Any CPU
		{BFB354FD-9016-441D-906F-BE3E4986A1E4}.Debug|Any CPU.ActiveCfg = Debug|Any CPU
		{BFB354FD-9016-441D-906F-BE3E4986A1E4}.Debug|Any CPU.Build.0 = Debug|Any CPU
		{BFB354FD-9016-441D-906F-BE3E4986A1E4}.Release|Any CPU.ActiveCfg = Release|Any CPU
		{BFB354FD-9016-441D-906F-BE3E4986A1E4}.Release|Any CPU.Build.0 = Release|Any CPU
	EndGlobalSection
	GlobalSection(SolutionProperties) = preSolution
		HideSolutionNode = FALSE
	EndGlobalSection
	GlobalSection(ExtensibilityGlobals) = postSolution
		SolutionGuid = {3C58D97B-1EA4-4725-B9A5-D935BF232BDA}
	EndGlobalSection
EndGlobal
